{
  "nodes": {
    "flake-utils": {
      "locked": {
        "lastModified": 1644229661,
        "narHash": "sha256-1YdnJAsNy69bpcjuoKdOYQX0YxZBiCYZo4Twxerqv7k=",
        "owner": "numtide",
        "repo": "flake-utils",
        "rev": "3cecb5b042f7f209c56ffd8371b2711a290ec797",
        "type": "github"
      },
      "original": {
        "owner": "numtide",
        "repo": "flake-utils",
        "type": "github"
      }
    },
    "foundry": {
      "inputs": {
        "flake-utils": "flake-utils",
        "nixpkgs": "nixpkgs"
      },
      "locked": {
        "lastModified": 1655975614,
        "narHash": "sha256-QoqHaFlfW7ff8hT6DLMOqDrfRxJ+lQ0rbc03YvHHjkE=",
        "owner": "shazow",
        "repo": "foundry.nix",
        "rev": "c3b96606b5e2b445353482a9109a71d068136af6",
        "type": "github"
      },
      "original": {
        "owner": "shazow",
        "repo": "foundry.nix",
        "type": "github"
      }
    },
    "nixpkgs": {
      "locked": {
        "lastModified": 1643805626,
        "narHash": "sha256-AXLDVMG+UaAGsGSpOtQHPIKB+IZ0KSd9WS77aanGzgc=",
        "owner": "nixos",
        "repo": "nixpkgs",
        "rev": "554d2d8aa25b6e583575459c297ec23750adb6cb",
        "type": "github"
      },
      "original": {
        "owner": "nixos",
        "ref": "nixos-unstable",
        "repo": "nixpkgs",
        "type": "github"
      }
    },
    "nixpkgs_2": {
      "locked": {
        "lastModified": 1655567057,
        "narHash": "sha256-Cc5hQSMsTzOHmZnYm8OSJ5RNUp22bd5NADWLHorULWQ=",
        "owner": "NixOS",
        "repo": "nixpkgs",
        "rev": "e0a42267f73ea52adc061a64650fddc59906fc99",
        "type": "github"
      },
      "original": {
        "owner": "NixOS",
        "ref": "nixpkgs-unstable",
        "repo": "nixpkgs",
        "type": "github"
      }
    },
    "root": {
      "inputs": {
        "foundry": "foundry",
        "nixpkgs": "nixpkgs_2",
        "utils": "utils"
      }
    },
    "utils": {
      "locked": {
        "lastModified": 1653893745,
        "narHash": "sha256-0jntwV3Z8//YwuOjzhV2sgJJPt+HY6KhU7VZUL0fKZQ=",
        "owner": "numtide",
        "repo": "flake-utils",
        "rev": "1ed9fb1935d260de5fe1c2f7ee0ebaae17ed2fa1",
        "type": "github"
      },
      "original": {
        "owner": "numtide",
        "repo": "flake-utils",
        "type": "github"
      }
    }
  },
  "root": "root",
  "version": 7
}
